NeoBundleLock ag.vim 4a0dd6e190f446e5a016b44fdaa2feafc582918e
NeoBundleLock ctrlp-funky 2426ea4626939b8fe62f47068a46c7ebf6203909
NeoBundleLock ctrlp.vim 475a864e7f01dfc5c93965778417cc66e77f3dcc
NeoBundleLock indentLine b96a75985736da969ac38b72a7716a8c57bdde98
NeoBundleLock lightline.vim e358557e1a9f9fc860416c8eb2e34c0404078155
NeoBundleLock molokai c67bdfcdb31415aa0ade7f8c003261700a885476
NeoBundleLock neobundle.vim 1306c131ff0a6cc094b7ff0727350e442b5427f1
NeoBundleLock syntastic 8d5e37c29cf5952fbf300b9230bffe424c61a488
NeoBundleLock syntastic-local-eslint.vim 5d6a68121c0d2e2727122a0f10b6b01f40666c10
NeoBundleLock vim-ctrlp-commandline ac3ea874c0d472b2813292dc8e9f06ce08f9c0ed
NeoBundleLock vim-trailing-whitespace 5540b3faa2288b226a8d9a4e8244558b12c598aa
